{
  "name": "backend",
  "lockfileVersion": 3,
  "requires": true,
  "packages": {
    "": {
      "dependencies": {
        "react-google-calendar-api": "^2.3.0"
      }
    },
    "node_modules/react-google-calendar-api": {
      "version": "2.3.0",
      "resolved": "https://registry.npmjs.org/react-google-calendar-api/-/react-google-calendar-api-2.3.0.tgz",
      "integrity": "sha512-Hzlx2LOYcSLoKobelFOobkU0MqCj5AB2YlnTV5IxlZ4zTuQFsAecefia5wxA0hTQVypfw3+xbx90TFauIBirqg==",
      "license": "MIT"
    }
  }
}
